Microsoft Visual Studio Solution File, Format Version 12.00
# Visual Studio Version 17
VisualStudioVersion = 17.5.2.0
MinimumVisualStudioVersion = 10.0.40219.1
Project("{2150E333-8FDC-42A3-9474-1A3956D46DE8}") = "Backend", "Backend", "{1AE8ACA6-933B-BF2A-3671-3E2EAC007D16}"
EndProject
Project("{FAE04EC0-301F-11D3-BF4B-00C04F79EFBC}") = "AzureTestApp.Api", "Backend\AzureTestApp.Api\AzureTestApp.Api.csproj", "{CA3D9BCD-EB4C-DFC8-E1C2-D1BACF9A207D}"
EndProject
Global
	GlobalSection(SolutionConfigurationPlatforms) = preSolution
		Debug|Any CPU = Debug|Any CPU
		Release|Any CPU = Release|Any CPU
	EndGlobalSection
	GlobalSection(ProjectConfigurationPlatforms) = postSolution
		{CA3D9BCD-EB4C-DFC8-E1C2-D1BACF9A207D}.Debug|Any CPU.ActiveCfg = Debug|Any CPU
		{CA3D9BCD-EB4C-DFC8-E1C2-D1BACF9A207D}.Debug|Any CPU.Build.0 = Debug|Any CPU
		{CA3D9BCD-EB4C-DFC8-E1C2-D1BACF9A207D}.Release|Any CPU.ActiveCfg = Release|Any CPU
		{CA3D9BCD-EB4C-DFC8-E1C2-D1BACF9A207D}.Release|Any CPU.Build.0 = Release|Any CPU
	EndGlobalSection
	GlobalSection(SolutionProperties) = preSolution
		HideSolutionNode = FALSE
	EndGlobalSection
	GlobalSection(NestedProjects) = preSolution
		{CA3D9BCD-EB4C-DFC8-E1C2-D1BACF9A207D} = {1AE8ACA6-933B-BF2A-3671-3E2EAC007D16}
	EndGlobalSection
	GlobalSection(ExtensibilityGlobals) = postSolution
		SolutionGuid = {07F29A39-8A8C-4D3F-B2C9-3B3C0D24B9C7}
	EndGlobalSection
EndGlobal
